// !$*UTF8*$!
{
	archiveVersion = 1;
	classes = {
	};
	objectVersion = 46;
	objects = {

/* Begin PBXBuildFile section */
		440C0EB018D7AFB900675834 /* Skybox.cpp in Sources */ = {isa = PBXBuildFile; fileRef = 440C0EAE18D7AFB900675834 /* Skybox.cpp */; };
		440C0EB518D7D58700675834 /* Enemy.cpp in Sources */ = {isa = PBXBuildFile; fileRef = 440C0EB118D7D58700675834 /* Enemy.cpp */; };
		440C0EB618D7D58700675834 /* SceneGraphNode.cpp in Sources */ = {isa = PBXBuildFile; fileRef = 440C0EB318D7D58700675834 /* SceneGraphNode.cpp */; };
		4423CEBC18A0781600FE3118 /* SDL2.framework in Frameworks */ = {isa = PBXBuildFile; fileRef = 4423CEBB18A0781600FE3118 /* SDL2.framework */; };
		4423CEE618A0813600FE3118 /* FGame.cpp in Sources */ = {isa = PBXBuildFile; fileRef = 4423CEDF18A0813600FE3118 /* FGame.cpp */; };
		4423CEE718A0813600FE3118 /* OnCleanup.cpp in Sources */ = {isa = PBXBuildFile; fileRef = 4423CEE118A0813600FE3118 /* OnCleanup.cpp */; };
		4423CEE818A0813600FE3118 /* OnEvent.cpp in Sources */ = {isa = PBXBuildFile; fileRef = 4423CEE218A0813600FE3118 /* OnEvent.cpp */; };
		4423CEE918A0813600FE3118 /* OnInit.cpp in Sources */ = {isa = PBXBuildFile; fileRef = 4423CEE318A0813600FE3118 /* OnInit.cpp */; };
		4423CEEA18A0813600FE3118 /* OnLoop.cpp in Sources */ = {isa = PBXBuildFile; fileRef = 4423CEE418A0813600FE3118 /* OnLoop.cpp */; };
		4423CEEB18A0813600FE3118 /* OnRender.cpp in Sources */ = {isa = PBXBuildFile; fileRef = 4423CEE518A0813600FE3118 /* OnRender.cpp */; };
		44294C4918BC7EF8005ED095 /* Events.cpp in Sources */ = {isa = PBXBuildFile; fileRef = 44294C4718BC7EF8005ED095 /* Events.cpp */; };
		44294C4C18BC9CF6005ED095 /* Message.cpp in Sources */ = {isa = PBXBuildFile; fileRef = 44294C4A18BC9CF6005ED095 /* Message.cpp */; };
		4435F7FA18B8139C0052FBB1 /* OpenGL.framework in Frameworks */ = {isa = PBXBuildFile; fileRef = 4435F7F918B8139C0052FBB1 /* OpenGL.framework */; };
		4435F7FE18B815010052FBB1 /* Counter.cpp in Sources */ = {isa = PBXBuildFile; fileRef = 4435F7FB18B815010052FBB1 /* Counter.cpp */; };
		4435F7FF18B815010052FBB1 /* Gauge.cpp in Sources */ = {isa = PBXBuildFile; fileRef = 4435F7FD18B815010052FBB1 /* Gauge.cpp */; };
		4435F80118B815090052FBB1 /* Mesh.cpp in Sources */ = {isa = PBXBuildFile; fileRef = 4435F80018B815090052FBB1 /* Mesh.cpp */; };
		44387C2318B9A34E0088FB7E /* Prop.cpp in Sources */ = {isa = PBXBuildFile; fileRef = 44387C2018B9A34E0088FB7E /* Prop.cpp */; };
		444C8C5618A1EDF8000101F8 /* SDL2_image.framework in Frameworks */ = {isa = PBXBuildFile; fileRef = 444C8C5518A1EDF8000101F8 /* SDL2_image.framework */; };
		4457056018A8721B00DCB73E /* HUD.cpp in Sources */ = {isa = PBXBuildFile; fileRef = 4457055F18A8721B00DCB73E /* HUD.cpp */; };
		449E7BD818A9B061005DDE7D /* Player.cpp in Sources */ = {isa = PBXBuildFile; fileRef = 449E7BD618A9B061005DDE7D /* Player.cpp */; };
		44A3107418A59E4700427013 /* Image.cpp in Sources */ = {isa = PBXBuildFile; fileRef = 44A3107218A59E4700427013 /* Image.cpp */; };
		44A3108218A5B73C00427013 /* Clock.cpp in Sources */ = {isa = PBXBuildFile; fileRef = 44A3107F18A5B73C00427013 /* Clock.cpp */; };
		44A3108918A5BE3D00427013 /* SDL2_ttf.framework in Frameworks */ = {isa = PBXBuildFile; fileRef = 44A3108818A5BE3D00427013 /* SDL2_ttf.framework */; };
		44A7BC0C18B9668A00ABDB9F /* Treasure.cpp in Sources */ = {isa = PBXBuildFile; fileRef = 44A7BC0A18B9668A00ABDB9F /* Treasure.cpp */; };
		44A7BC1318B96C4200ABDB9F /* Camera.cpp in Sources */ = {isa = PBXBuildFile; fileRef = 44A7BC1118B96C4200ABDB9F /* Camera.cpp */; };
		44B8E3E518A70FAA00587902 /* Music.cpp in Sources */ = {isa = PBXBuildFile; fileRef = 44B8E3E318A70FAA00587902 /* Music.cpp */; };
		44DA951A18A984980062F44D /* SFX.cpp in Sources */ = {isa = PBXBuildFile; fileRef = 44DA951818A984980062F44D /* SFX.cpp */; };
		44EDA67818A088160095AB29 /* Credits.rtf in Resources */ = {isa = PBXBuildFile; fileRef = 4423CE8918A077D600FE3118 /* Credits.rtf */; };
		44EDA67918A088190095AB29 /* InfoPlist.strings in Resources */ = {isa = PBXBuildFile; fileRef = 4423CE8318A077D600FE3118 /* InfoPlist.strings */; };
		44F45FDB18A7EFC80052DDA9 /* Animation.cpp in Sources */ = {isa = PBXBuildFile; fileRef = 44F45FD918A7EFC80052DDA9 /* Animation.cpp */; };
		44F45FDD18A7F0680052DDA9 /* assets in Resources */ = {isa = PBXBuildFile; fileRef = 44F45FDC18A7F0680052DDA9 /* assets */; };
		44F45FDF18A7F4A40052DDA9 /* SDL2_mixer.framework in Frameworks */ = {isa = PBXBuildFile; fileRef = 44F45FDE18A7F4A40052DDA9 /* SDL2_mixer.framework */; };
		44FF830F18BA854200A9A773 /* Physics2.cpp in Sources */ = {isa = PBXBuildFile; fileRef = 44FF830D18BA854200A9A773 /* Physics2.cpp */; };
		F3ECDEA318D7E0AD009A9705 /* Terrain.cpp in Sources */ = {isa = PBXBuildFile; fileRef = F3ECDEA118D7E0AD009A9705 /* Terrain.cpp */; };
/* End PBXBuildFile section */

/* Begin PBXFileReference section */
		440C0EAE18D7AFB900675834 /* Skybox.cpp */ = {isa = PBXFileReference; fileEncoding = 4; lastKnownFileType = sourcecode.cpp.cpp; path = Skybox.cpp; sourceTree = "<group>"; };
		440C0EAF18D7AFB900675834 /* Skybox.h */ = {isa = PBXFileReference; fileEncoding = 4; lastKnownFileType = sourcecode.c.h; path = Skybox.h; sourceTree = "<group>"; };
		440C0EB118D7D58700675834 /* Enemy.cpp */ = {isa = PBXFileReference; fileEncoding = 4; lastKnownFileType = sourcecode.cpp.cpp; path = Enemy.cpp; sourceTree = "<group>"; };
		440C0EB218D7D58700675834 /* Enemy.h */ = {isa = PBXFileReference; fileEncoding = 4; lastKnownFileType = sourcecode.c.h; path = Enemy.h; sourceTree = "<group>"; };
		440C0EB318D7D58700675834 /* SceneGraphNode.cpp */ = {isa = PBXFileReference; fileEncoding = 4; lastKnownFileType = sourcecode.cpp.cpp; path = SceneGraphNode.cpp; sourceTree = "<group>"; };
		440C0EB418D7D58700675834 /* SceneGraphNode.h */ = {isa = PBXFileReference; fileEncoding = 4; lastKnownFileType = sourcecode.c.h; path = SceneGraphNode.h; sourceTree = "<group>"; };
		4423CE7718A077D600FE3118 /* MOE.app */ = {isa = PBXFileReference; explicitFileType = wrapper.application; includeInIndex = 0; path = MOE.app; sourceTree = BUILT_PRODUCTS_DIR; };
		4423CE8218A077D600FE3118 /* MOE-Info.plist */ = {isa = PBXFileReference; lastKnownFileType = text.plist.xml; path = "MOE-Info.plist"; sourceTree = "<group>"; };
		4423CE8418A077D600FE3118 /* en */ = {isa = PBXFileReference; lastKnownFileType = text.plist.strings; name = en; path = en.lproj/InfoPlist.strings; sourceTree = "<group>"; };
		4423CE8818A077D600FE3118 /* MOE-Prefix.pch */ = {isa = PBXFileReference; lastKnownFileType = sourcecode.c.h; path = "MOE-Prefix.pch"; sourceTree = "<group>"; };
		4423CE8A18A077D600FE3118 /* en */ = {isa = PBXFileReference; lastKnownFileType = text.rtf; name = en; path = en.lproj/Credits.rtf; sourceTree = "<group>"; };
		4423CEBB18A0781600FE3118 /* SDL2.framework */ = {isa = PBXFileReference; lastKnownFileType = wrapper.framework; name = SDL2.framework; path = /Library/Frameworks/SDL2.framework; sourceTree = "<absolute>"; };
		4423CEDF18A0813600FE3118 /* FGame.cpp */ = {isa = PBXFileReference; fileEncoding = 4; lastKnownFileType = sourcecode.cpp.cpp; path = FGame.cpp; sourceTree = "<group>"; };
		4423CEE018A0813600FE3118 /* FGame.h */ = {isa = PBXFileReference; fileEncoding = 4; lastKnownFileType = sourcecode.c.h; path = FGame.h; sourceTree = "<group>"; };
		4423CEE118A0813600FE3118 /* OnCleanup.cpp */ = {isa = PBXFileReference; fileEncoding = 4; lastKnownFileType = sourcecode.cpp.cpp; path = OnCleanup.cpp; sourceTree = "<group>"; };
		4423CEE218A0813600FE3118 /* OnEvent.cpp */ = {isa = PBXFileReference; fileEncoding = 4; lastKnownFileType = sourcecode.cpp.cpp; path = OnEvent.cpp; sourceTree = "<group>"; };
		4423CEE318A0813600FE3118 /* OnInit.cpp */ = {isa = PBXFileReference; fileEncoding = 4; lastKnownFileType = sourcecode.cpp.cpp; path = OnInit.cpp; sourceTree = "<group>"; };
		4423CEE418A0813600FE3118 /* OnLoop.cpp */ = {isa = PBXFileReference; fileEncoding = 4; lastKnownFileType = sourcecode.cpp.cpp; path = OnLoop.cpp; sourceTree = "<group>"; };
		4423CEE518A0813600FE3118 /* OnRender.cpp */ = {isa = PBXFileReference; fileEncoding = 4; lastKnownFileType = sourcecode.cpp.cpp; path = OnRender.cpp; sourceTree = "<group>"; };
		44294C4718BC7EF8005ED095 /* Events.cpp */ = {isa = PBXFileReference; fileEncoding = 4; lastKnownFileType = sourcecode.cpp.cpp; path = Events.cpp; sourceTree = "<group>"; };
		44294C4818BC7EF8005ED095 /* Events.h */ = {isa = PBXFileReference; fileEncoding = 4; lastKnownFileType = sourcecode.c.h; path = Events.h; sourceTree = "<group>"; };
		44294C4A18BC9CF6005ED095 /* Message.cpp */ = {isa = PBXFileReference; fileEncoding = 4; lastKnownFileType = sourcecode.cpp.cpp; path = Message.cpp; sourceTree = "<group>"; };
		44294C4B18BC9CF6005ED095 /* Message.h */ = {isa = PBXFileReference; fileEncoding = 4; lastKnownFileType = sourcecode.c.h; path = Message.h; sourceTree = "<group>"; };
		4435F7F918B8139C0052FBB1 /* OpenGL.framework */ = {isa = PBXFileReference; lastKnownFileType = wrapper.framework; name = OpenGL.framework; path = System/Library/Frameworks/OpenGL.framework; sourceTree = SDKROOT; };
		4435F7FB18B815010052FBB1 /* Counter.cpp */ = {isa = PBXFileReference; fileEncoding = 4; lastKnownFileType = sourcecode.cpp.cpp; path = Counter.cpp; sourceTree = "<group>"; };
		4435F7FC18B815010052FBB1 /* Counter.h */ = {isa = PBXFileReference; fileEncoding = 4; lastKnownFileType = sourcecode.c.h; path = Counter.h; sourceTree = "<group>"; };
		4435F7FD18B815010052FBB1 /* Gauge.cpp */ = {isa = PBXFileReference; fileEncoding = 4; lastKnownFileType = sourcecode.cpp.cpp; path = Gauge.cpp; sourceTree = "<group>"; };
		4435F80018B815090052FBB1 /* Mesh.cpp */ = {isa = PBXFileReference; fileEncoding = 4; lastKnownFileType = sourcecode.cpp.cpp; path = Mesh.cpp; sourceTree = "<group>"; };
		4435F80218B8150F0052FBB1 /* Gauge.h */ = {isa = PBXFileReference; fileEncoding = 4; lastKnownFileType = sourcecode.c.h; path = Gauge.h; sourceTree = "<group>"; };
		4435F80618B8151A0052FBB1 /* Mesh.h */ = {isa = PBXFileReference; fileEncoding = 4; lastKnownFileType = sourcecode.c.h; path = Mesh.h; sourceTree = "<group>"; };
		44387C2018B9A34E0088FB7E /* Prop.cpp */ = {isa = PBXFileReference; fileEncoding = 4; lastKnownFileType = sourcecode.cpp.cpp; path = Prop.cpp; sourceTree = "<group>"; };
		44387C2118B9A34E0088FB7E /* Prop.h */ = {isa = PBXFileReference; fileEncoding = 4; lastKnownFileType = sourcecode.c.h; path = Prop.h; sourceTree = "<group>"; };
		44387C2218B9A34E0088FB7E /* PropElement.h */ = {isa = PBXFileReference; fileEncoding = 4; lastKnownFileType = sourcecode.c.h; path = PropElement.h; sourceTree = "<group>"; };
		444C8C5518A1EDF8000101F8 /* SDL2_image.framework */ = {isa = PBXFileReference; lastKnownFileType = wrapper.framework; name = SDL2_image.framework; path = ../../../../../../Library/Frameworks/SDL2_image.framework; sourceTree = "<group>"; };
		4457055F18A8721B00DCB73E /* HUD.cpp */ = {isa = PBXFileReference; fileEncoding = 4; lastKnownFileType = sourcecode.cpp.cpp; path = HUD.cpp; sourceTree = "<group>"; };
		449E7BD618A9B061005DDE7D /* Player.cpp */ = {isa = PBXFileReference; fileEncoding = 4; lastKnownFileType = sourcecode.cpp.cpp; path = Player.cpp; sourceTree = "<group>"; };
		449E7BD718A9B061005DDE7D /* Player.h */ = {isa = PBXFileReference; fileEncoding = 4; lastKnownFileType = sourcecode.c.h; path = Player.h; sourceTree = "<group>"; };
		44A3107218A59E4700427013 /* Image.cpp */ = {isa = PBXFileReference; fileEncoding = 4; lastKnownFileType = sourcecode.cpp.cpp; path = Image.cpp; sourceTree = "<group>"; };
		44A3107318A59E4700427013 /* Image.h */ = {isa = PBXFileReference; fileEncoding = 4; lastKnownFileType = sourcecode.c.h; path = Image.h; sourceTree = "<group>"; };
		44A3107F18A5B73C00427013 /* Clock.cpp */ = {isa = PBXFileReference; fileEncoding = 4; lastKnownFileType = sourcecode.cpp.cpp; path = Clock.cpp; sourceTree = "<group>"; };
		44A3108018A5B73C00427013 /* Clock.h */ = {isa = PBXFileReference; fileEncoding = 4; lastKnownFileType = sourcecode.c.h; path = Clock.h; sourceTree = "<group>"; };
		44A3108118A5B73C00427013 /* Constants.h */ = {isa = PBXFileReference; fileEncoding = 4; lastKnownFileType = sourcecode.c.h; path = Constants.h; sourceTree = "<group>"; };
		44A3108318A5BDEE00427013 /* HUD.h */ = {isa = PBXFileReference; fileEncoding = 4; lastKnownFileType = sourcecode.c.h; path = HUD.h; sourceTree = "<group>"; };
		44A3108418A5BDEE00427013 /* HUDelement.h */ = {isa = PBXFileReference; fileEncoding = 4; lastKnownFileType = sourcecode.c.h; path = HUDelement.h; sourceTree = "<group>"; };
		44A3108818A5BE3D00427013 /* SDL2_ttf.framework */ = {isa = PBXFileReference; lastKnownFileType = wrapper.framework; name = SDL2_ttf.framework; path = ../../../../../../Library/Frameworks/SDL2_ttf.framework; sourceTree = "<group>"; };
		44A7BC0A18B9668A00ABDB9F /* Treasure.cpp */ = {isa = PBXFileReference; fileEncoding = 4; lastKnownFileType = sourcecode.cpp.cpp; path = Treasure.cpp; sourceTree = "<group>"; };
		44A7BC0B18B9668A00ABDB9F /* Treasure.h */ = {isa = PBXFileReference; fileEncoding = 4; lastKnownFileType = sourcecode.c.h; path = Treasure.h; sourceTree = "<group>"; };
		44A7BC1118B96C4200ABDB9F /* Camera.cpp */ = {isa = PBXFileReference; fileEncoding = 4; lastKnownFileType = sourcecode.cpp.cpp; path = Camera.cpp; sourceTree = "<group>"; };
		44A7BC1218B96C4200ABDB9F /* Camera.h */ = {isa = PBXFileReference; fileEncoding = 4; lastKnownFileType = sourcecode.c.h; path = Camera.h; sourceTree = "<group>"; };
		44B8E3E318A70FAA00587902 /* Music.cpp */ = {isa = PBXFileReference; fileEncoding = 4; lastKnownFileType = sourcecode.cpp.cpp; path = Music.cpp; sourceTree = "<group>"; };
		44B8E3E418A70FAA00587902 /* Music.h */ = {isa = PBXFileReference; fileEncoding = 4; lastKnownFileType = sourcecode.c.h; path = Music.h; sourceTree = "<group>"; };
		44DA951818A984980062F44D /* SFX.cpp */ = {isa = PBXFileReference; fileEncoding = 4; lastKnownFileType = sourcecode.cpp.cpp; path = SFX.cpp; sourceTree = "<group>"; };
		44DA951918A984980062F44D /* SFX.h */ = {isa = PBXFileReference; fileEncoding = 4; lastKnownFileType = sourcecode.c.h; path = SFX.h; sourceTree = "<group>"; };
		44F45FD918A7EFC80052DDA9 /* Animation.cpp */ = {isa = PBXFileReference; fileEncoding = 4; lastKnownFileType = sourcecode.cpp.cpp; path = Animation.cpp; sourceTree = "<group>"; };
		44F45FDA18A7EFC80052DDA9 /* Animation.h */ = {isa = PBXFileReference; fileEncoding = 4; lastKnownFileType = sourcecode.c.h; path = Animation.h; sourceTree = "<group>"; };
		44F45FDC18A7F0680052DDA9 /* assets */ = {isa = PBXFileReference; lastKnownFileType = folder; path = assets; sourceTree = "<group>"; };
		44F45FDE18A7F4A40052DDA9 /* SDL2_mixer.framework */ = {isa = PBXFileReference; lastKnownFileType = wrapper.framework; name = SDL2_mixer.framework; path = ../../../../../../Library/Frameworks/SDL2_mixer.framework; sourceTree = "<group>"; };
		44FF830D18BA854200A9A773 /* Physics2.cpp */ = {isa = PBXFileReference; fileEncoding = 4; lastKnownFileType = sourcecode.cpp.cpp; path = Physics2.cpp; sourceTree = "<group>"; };
		44FF830E18BA854200A9A773 /* Physics2.h */ = {isa = PBXFileReference; fileEncoding = 4; lastKnownFileType = sourcecode.c.h; path = Physics2.h; sourceTree = "<group>"; };
		F3ECDEA118D7E0AD009A9705 /* Terrain.cpp */ = {isa = PBXFileReference; fileEncoding = 4; lastKnownFileType = sourcecode.cpp.cpp; path = Terrain.cpp; sourceTree = "<group>"; };
		F3ECDEA218D7E0AD009A9705 /* Terrain.h */ = {isa = PBXFileReference; fileEncoding = 4; lastKnownFileType = sourcecode.c.h; path = Terrain.h; sourceTree = "<group>"; };
/* End PBXFileReference section */

/* Begin PBXFrameworksBuildPhase section */
		4423CE7418A077D600FE3118 /* Frameworks */ = {
			isa = PBXFrameworksBuildPhase;
			buildActionMask = 2147483647;
			files = (
				4435F7FA18B8139C0052FBB1 /* OpenGL.framework in Frameworks */,
				44F45FDF18A7F4A40052DDA9 /* SDL2_mixer.framework in Frameworks */,
				44A3108918A5BE3D00427013 /* SDL2_ttf.framework in Frameworks */,
				444C8C5618A1EDF8000101F8 /* SDL2_image.framework in Frameworks */,
				4423CEBC18A0781600FE3118 /* SDL2.framework in Frameworks */,
			);
			runOnlyForDeploymentPostprocessing = 0;
		};
/* End PBXFrameworksBuildPhase section */

/* Begin PBXGroup section */
		4423CE6E18A077D600FE3118 = {
			isa = PBXGroup;
			children = (
				44F45FDC18A7F0680052DDA9 /* assets */,
				4423CEDE18A0813600FE3118 /* src */,
				4423CE8118A077D600FE3118 /* Supporting Files */,
				4423CE7918A077D600FE3118 /* Frameworks */,
				4423CE7818A077D600FE3118 /* Products */,
			);
			sourceTree = "<group>";
		};
		4423CE7818A077D600FE3118 /* Products */ = {
			isa = PBXGroup;
			children = (
				4423CE7718A077D600FE3118 /* MOE.app */,
			);
			name = Products;
			sourceTree = "<group>";
		};
		4423CE7918A077D600FE3118 /* Frameworks */ = {
			isa = PBXGroup;
			children = (
				4435F7F918B8139C0052FBB1 /* OpenGL.framework */,
				44F45FDE18A7F4A40052DDA9 /* SDL2_mixer.framework */,
				44A3108818A5BE3D00427013 /* SDL2_ttf.framework */,
				444C8C5518A1EDF8000101F8 /* SDL2_image.framework */,
				4423CEBB18A0781600FE3118 /* SDL2.framework */,
			);
			name = Frameworks;
			sourceTree = "<group>";
		};
		4423CE8118A077D600FE3118 /* Supporting Files */ = {
			isa = PBXGroup;
			children = (
				4423CE8218A077D600FE3118 /* MOE-Info.plist */,
				4423CE8318A077D600FE3118 /* InfoPlist.strings */,
				4423CE8818A077D600FE3118 /* MOE-Prefix.pch */,
				4423CE8918A077D600FE3118 /* Credits.rtf */,
			);
			name = "Supporting Files";
			path = mac_files;
			sourceTree = "<group>";
		};
		4423CEDE18A0813600FE3118 /* src */ = {
			isa = PBXGroup;
			children = (
				440C0EB118D7D58700675834 /* Enemy.cpp */,
				440C0EB218D7D58700675834 /* Enemy.h */,
				440C0EB318D7D58700675834 /* SceneGraphNode.cpp */,
				440C0EB418D7D58700675834 /* SceneGraphNode.h */,
				44DA951418A983AB0062F44D /* A/V */,
				443B320018A9338500EDB56F /* HUD */,
				44A7BC1018B968FB00ABDB9F /* Main Loop */,
				44387C2018B9A34E0088FB7E /* Prop.cpp */,
				44387C2118B9A34E0088FB7E /* Prop.h */,
				44387C2218B9A34E0088FB7E /* PropElement.h */,
				44A7BC0A18B9668A00ABDB9F /* Treasure.cpp */,
				44A7BC0B18B9668A00ABDB9F /* Treasure.h */,
				440C0EAE18D7AFB900675834 /* Skybox.cpp */,
				440C0EAF18D7AFB900675834 /* Skybox.h */,
				4435F80618B8151A0052FBB1 /* Mesh.h */,
				4435F80018B815090052FBB1 /* Mesh.cpp */,
				44F45FD918A7EFC80052DDA9 /* Animation.cpp */,
				44F45FDA18A7EFC80052DDA9 /* Animation.h */,
				44A3107F18A5B73C00427013 /* Clock.cpp */,
				44A3108018A5B73C00427013 /* Clock.h */,
				44A3108118A5B73C00427013 /* Constants.h */,
				449E7BD618A9B061005DDE7D /* Player.cpp */,
				449E7BD718A9B061005DDE7D /* Player.h */,
				44A7BC1118B96C4200ABDB9F /* Camera.cpp */,
				44A7BC1218B96C4200ABDB9F /* Camera.h */,
				44FF830D18BA854200A9A773 /* Physics2.cpp */,
				44FF830E18BA854200A9A773 /* Physics2.h */,
				44294C4718BC7EF8005ED095 /* Events.cpp */,
				44294C4818BC7EF8005ED095 /* Events.h */,
				F3ECDEA118D7E0AD009A9705 /* Terrain.cpp */,
				F3ECDEA218D7E0AD009A9705 /* Terrain.h */,
			);
			path = src;
			sourceTree = "<group>";
		};
		443B320018A9338500EDB56F /* HUD */ = {
			isa = PBXGroup;
			children = (
				44294C4A18BC9CF6005ED095 /* Message.cpp */,
				44294C4B18BC9CF6005ED095 /* Message.h */,
				4435F80218B8150F0052FBB1 /* Gauge.h */,
				4435F7FB18B815010052FBB1 /* Counter.cpp */,
				4435F7FC18B815010052FBB1 /* Counter.h */,
				4435F7FD18B815010052FBB1 /* Gauge.cpp */,
				4457055F18A8721B00DCB73E /* HUD.cpp */,
				44A3108318A5BDEE00427013 /* HUD.h */,
				44A3108418A5BDEE00427013 /* HUDelement.h */,
			);
			name = HUD;
			sourceTree = "<group>";
		};
		44A7BC1018B968FB00ABDB9F /* Main Loop */ = {
			isa = PBXGroup;
			children = (
				4423CEDF18A0813600FE3118 /* FGame.cpp */,
				4423CEE018A0813600FE3118 /* FGame.h */,
				4423CEE118A0813600FE3118 /* OnCleanup.cpp */,
				4423CEE218A0813600FE3118 /* OnEvent.cpp */,
				4423CEE318A0813600FE3118 /* OnInit.cpp */,
				4423CEE418A0813600FE3118 /* OnLoop.cpp */,
				4423CEE518A0813600FE3118 /* OnRender.cpp */,
			);
			name = "Main Loop";
			sourceTree = "<group>";
		};
		44DA951418A983AB0062F44D /* A/V */ = {
			isa = PBXGroup;
			children = (
				44B8E3E318A70FAA00587902 /* Music.cpp */,
				44B8E3E418A70FAA00587902 /* Music.h */,
				44DA951818A984980062F44D /* SFX.cpp */,
				44DA951918A984980062F44D /* SFX.h */,
				44A3107218A59E4700427013 /* Image.cpp */,
				44A3107318A59E4700427013 /* Image.h */,
			);
			name = A/V;
			sourceTree = "<group>";
		};
/* End PBXGroup section */

/* Begin PBXNativeTarget section */
		4423CE7618A077D600FE3118 /* MOE */ = {
			isa = PBXNativeTarget;
			buildConfigurationList = 4423CEA818A077D600FE3118 /* Build configuration list for PBXNativeTarget "MOE" */;
			buildPhases = (
				4423CE7318A077D600FE3118 /* Sources */,
				4423CE7418A077D600FE3118 /* Frameworks */,
				4423CE7518A077D600FE3118 /* Resources */,
			);
			buildRules = (
			);
			dependencies = (
			);
			name = MOE;
			productName = MOE;
			productReference = 4423CE7718A077D600FE3118 /* MOE.app */;
			productType = "com.apple.product-type.application";
		};
/* End PBXNativeTarget section */

/* Begin PBXProject section */
		4423CE6F18A077D600FE3118 /* Project object */ = {
			isa = PBXProject;
			attributes = {
				LastUpgradeCheck = 0510;
				ORGANIZATIONNAME = "Landon Epps";
				TargetAttributes = {
					4423CE7618A077D600FE3118 = {
						DevelopmentTeam = 6R9933TQJB;
					};
				};
			};
			buildConfigurationList = 4423CE7218A077D600FE3118 /* Build configuration list for PBXProject "MOE" */;
			compatibilityVersion = "Xcode 3.2";
			developmentRegion = English;
			hasScannedForEncodings = 0;
			knownRegions = (
				en,
				Base,
			);
			mainGroup = 4423CE6E18A077D600FE3118;
			productRefGroup = 4423CE7818A077D600FE3118 /* Products */;
			projectDirPath = "";
			projectRoot = "";
			targets = (
				4423CE7618A077D600FE3118 /* MOE */,
			);
		};
/* End PBXProject section */

/* Begin PBXResourcesBuildPhase section */
		4423CE7518A077D600FE3118 /* Resources */ = {
			isa = PBXResourcesBuildPhase;
			buildActionMask = 2147483647;
			files = (
				44F45FDD18A7F0680052DDA9 /* assets in Resources */,
				44EDA67918A088190095AB29 /* InfoPlist.strings in Resources */,
				44EDA67818A088160095AB29 /* Credits.rtf in Resources */,
			);
			runOnlyForDeploymentPostprocessing = 0;
		};
/* End PBXResourcesBuildPhase section */

/* Begin PBXSourcesBuildPhase section */
		4423CE7318A077D600FE3118 /* Sources */ = {
			isa = PBXSourcesBuildPhase;
			buildActionMask = 2147483647;
			files = (
				440C0EB518D7D58700675834 /* Enemy.cpp in Sources */,
				F3ECDEA318D7E0AD009A9705 /* Terrain.cpp in Sources */,
				4423CEEB18A0813600FE3118 /* OnRender.cpp in Sources */,
				4423CEE918A0813600FE3118 /* OnInit.cpp in Sources */,
				44DA951A18A984980062F44D /* SFX.cpp in Sources */,
				4457056018A8721B00DCB73E /* HUD.cpp in Sources */,
				44294C4C18BC9CF6005ED095 /* Message.cpp in Sources */,
				4423CEE818A0813600FE3118 /* OnEvent.cpp in Sources */,
				4423CEE618A0813600FE3118 /* FGame.cpp in Sources */,
				440C0EB618D7D58700675834 /* SceneGraphNode.cpp in Sources */,
				44294C4918BC7EF8005ED095 /* Events.cpp in Sources */,
				449E7BD818A9B061005DDE7D /* Player.cpp in Sources */,
				44A7BC0C18B9668A00ABDB9F /* Treasure.cpp in Sources */,
				4435F7FE18B815010052FBB1 /* Counter.cpp in Sources */,
				440C0EB018D7AFB900675834 /* Skybox.cpp in Sources */,
				4435F80118B815090052FBB1 /* Mesh.cpp in Sources */,
				44A3107418A59E4700427013 /* Image.cpp in Sources */,
				44A7BC1318B96C4200ABDB9F /* Camera.cpp in Sources */,
				44B8E3E518A70FAA00587902 /* Music.cpp in Sources */,
				44F45FDB18A7EFC80052DDA9 /* Animation.cpp in Sources */,
				4423CEEA18A0813600FE3118 /* OnLoop.cpp in Sources */,
				44A3108218A5B73C00427013 /* Clock.cpp in Sources */,
				44387C2318B9A34E0088FB7E /* Prop.cpp in Sources */,
				44FF830F18BA854200A9A773 /* Physics2.cpp in Sources */,
				4423CEE718A0813600FE3118 /* OnCleanup.cpp in Sources */,
				4435F7FF18B815010052FBB1 /* Gauge.cpp in Sources */,
			);
			runOnlyForDeploymentPostprocessing = 0;
		};
/* End PBXSourcesBuildPhase section */

/* Begin PBXVariantGroup section */
		4423CE8318A077D600FE3118 /* InfoPlist.strings */ = {
			isa = PBXVariantGroup;
			children = (
				4423CE8418A077D600FE3118 /* en */,
			);
			name = InfoPlist.strings;
			sourceTree = "<group>";
		};
		4423CE8918A077D600FE3118 /* Credits.rtf */ = {
			isa = PBXVariantGroup;
			children = (
				4423CE8A18A077D600FE3118 /* en */,
			);
			name = Credits.rtf;
			sourceTree = "<group>";
		};
/* End PBXVariantGroup section */

/* Begin XCBuildConfiguration section */
		4423CEA618A077D600FE3118 /* Debug */ = {
			isa = XCBuildConfiguration;
			buildSettings = {
				ALWAYS_SEARCH_USER_PATHS = NO;
				CLANG_CXX_LANGUAGE_STANDARD = "gnu++0x";
				CLANG_CXX_LIBRARY = "libc++";
				CLANG_ENABLE_OBJC_ARC = YES;
				CLANG_WARN_BOOL_CONVERSION = YES;
				CLANG_WARN_CONSTANT_CONVERSION = YES;
				CLANG_WARN_DIRECT_OBJC_ISA_USAGE = YES_ERROR;
				CLANG_WARN_EMPTY_BODY = YES;
				CLANG_WARN_ENUM_CONVERSION = YES;
				CLANG_WARN_INT_CONVERSION = YES;
				CLANG_WARN_OBJC_ROOT_CLASS = YES_ERROR;
				CLANG_WARN__DUPLICATE_METHOD_MATCH = YES;
				COPY_PHASE_STRIP = NO;
				GCC_C_LANGUAGE_STANDARD = "compiler-default";
				GCC_DYNAMIC_NO_PIC = NO;
				GCC_ENABLE_OBJC_EXCEPTIONS = YES;
				GCC_OPTIMIZATION_LEVEL = 0;
				GCC_PREPROCESSOR_DEFINITIONS = (
					"DEBUG=1",
					"$(inherited)",
				);
				GCC_SYMBOLS_PRIVATE_EXTERN = NO;
				GCC_WARN_64_TO_32_BIT_CONVERSION = YES;
				GCC_WARN_ABOUT_RETURN_TYPE = YES_ERROR;
				GCC_WARN_UNDECLARED_SELECTOR = YES;
				GCC_WARN_UNINITIALIZED_AUTOS = YES;
				GCC_WARN_UNUSED_FUNCTION = YES;
				GCC_WARN_UNUSED_VARIABLE = YES;
				MACOSX_DEPLOYMENT_TARGET = 10.9;
				ONLY_ACTIVE_ARCH = YES;
				SDKROOT = macosx;
			};
			name = Debug;
		};
		4423CEA718A077D600FE3118 /* Release */ = {
			isa = XCBuildConfiguration;
			buildSettings = {
				ALWAYS_SEARCH_USER_PATHS = NO;
				CLANG_CXX_LANGUAGE_STANDARD = "gnu++0x";
				CLANG_CXX_LIBRARY = "libc++";
				CLANG_ENABLE_OBJC_ARC = YES;
				CLANG_WARN_BOOL_CONVERSION = YES;
				CLANG_WARN_CONSTANT_CONVERSION = YES;
				CLANG_WARN_DIRECT_OBJC_ISA_USAGE = YES_ERROR;
				CLANG_WARN_EMPTY_BODY = YES;
				CLANG_WARN_ENUM_CONVERSION = YES;
				CLANG_WARN_INT_CONVERSION = YES;
				CLANG_WARN_OBJC_ROOT_CLASS = YES_ERROR;
				CLANG_WARN__DUPLICATE_METHOD_MATCH = YES;
				COPY_PHASE_STRIP = YES;
				DEBUG_INFORMATION_FORMAT = "dwarf-with-dsym";
				ENABLE_NS_ASSERTIONS = NO;
				GCC_C_LANGUAGE_STANDARD = "compiler-default";
				GCC_ENABLE_OBJC_EXCEPTIONS = YES;
				GCC_WARN_64_TO_32_BIT_CONVERSION = YES;
				GCC_WARN_ABOUT_RETURN_TYPE = YES_ERROR;
				GCC_WARN_UNDECLARED_SELECTOR = YES;
				GCC_WARN_UNINITIALIZED_AUTOS = YES;
				GCC_WARN_UNUSED_FUNCTION = YES;
				GCC_WARN_UNUSED_VARIABLE = YES;
				MACOSX_DEPLOYMENT_TARGET = 10.9;
				SDKROOT = macosx;
			};
			name = Release;
		};
		4423CEA918A077D600FE3118 /* Debug */ = {
			isa = XCBuildConfiguration;
			buildSettings = {
				ASSETCATALOG_COMPILER_APPICON_NAME = AppIcon;
				COMBINE_HIDPI_IMAGES = YES;
				FRAMEWORK_SEARCH_PATHS = (
					"$(inherited)",
					"$(LOCAL_LIBRARY_DIR)/Frameworks",
				);
				GCC_PRECOMPILE_PREFIX_HEADER = YES;
				GCC_PREFIX_HEADER = "mac_files/MOE-Prefix.pch";
				INFOPLIST_FILE = "mac_files/MOE-Info.plist";
				PRODUCT_NAME = "$(TARGET_NAME)";
				WRAPPER_EXTENSION = app;
			};
			name = Debug;
		};
		4423CEAA18A077D600FE3118 /* Release */ = {
			isa = XCBuildConfiguration;
			buildSettings = {
				ASSETCATALOG_COMPILER_APPICON_NAME = AppIcon;
				COMBINE_HIDPI_IMAGES = YES;
				FRAMEWORK_SEARCH_PATHS = (
					"$(inherited)",
					"$(LOCAL_LIBRARY_DIR)/Frameworks",
				);
				GCC_PRECOMPILE_PREFIX_HEADER = YES;
				GCC_PREFIX_HEADER = "mac_files/MOE-Prefix.pch";
				INFOPLIST_FILE = "mac_files/MOE-Info.plist";
				PRODUCT_NAME = "$(TARGET_NAME)";
				WRAPPER_EXTENSION = app;
			};
			name = Release;
		};
/* End XCBuildConfiguration section */

/* Begin XCConfigurationList section */
		4423CE7218A077D600FE3118 /* Build configuration list for PBXProject "MOE" */ = {
			isa = XCConfigurationList;
			buildConfigurations = (
				4423CEA618A077D600FE3118 /* Debug */,
				4423CEA718A077D600FE3118 /* Release */,
			);
			defaultConfigurationIsVisible = 0;
			defaultConfigurationName = Release;
		};
		4423CEA818A077D600FE3118 /* Build configuration list for PBXNativeTarget "MOE" */ = {
			isa = XCConfigurationList;
			buildConfigurations = (
				4423CEA918A077D600FE3118 /* Debug */,
				4423CEAA18A077D600FE3118 /* Release */,
			);
			defaultConfigurationIsVisible = 0;
			defaultConfigurationName = Release;
		};
/* End XCConfigurationList section */
	};
	rootObject = 4423CE6F18A077D600FE3118 /* Project object */;
}
