// !$*UTF8*$!
{
	archiveVersion = 1;
	classes = {
	};
	objectVersion = 46;
	objects = {

/* Begin PBXBuildFile section */
		4423CEBC18A0781600FE3118 /* SDL2.framework in Frameworks */ = {isa = PBXBuildFile; fileRef = 4423CEBB18A0781600FE3118 /* SDL2.framework */; };
		4423CEE618A0813600FE3118 /* FGame.cpp in Sources */ = {isa = PBXBuildFile; fileRef = 4423CEDF18A0813600FE3118 /* FGame.cpp */; };
		4423CEE718A0813600FE3118 /* OnCleanup.cpp in Sources */ = {isa = PBXBuildFile; fileRef = 4423CEE118A0813600FE3118 /* OnCleanup.cpp */; };
		4423CEE818A0813600FE3118 /* OnEvent.cpp in Sources */ = {isa = PBXBuildFile; fileRef = 4423CEE218A0813600FE3118 /* OnEvent.cpp */; };
		4423CEE918A0813600FE3118 /* OnInit.cpp in Sources */ = {isa = PBXBuildFile; fileRef = 4423CEE318A0813600FE3118 /* OnInit.cpp */; };
		4423CEEA18A0813600FE3118 /* OnLoop.cpp in Sources */ = {isa = PBXBuildFile; fileRef = 4423CEE418A0813600FE3118 /* OnLoop.cpp */; };
		4423CEEB18A0813600FE3118 /* OnRender.cpp in Sources */ = {isa = PBXBuildFile; fileRef = 4423CEE518A0813600FE3118 /* OnRender.cpp */; };
		4440CBAF18A8992D00C362FF /* Attack.cpp in Sources */ = {isa = PBXBuildFile; fileRef = 4440CBAC18A8992D00C362FF /* Attack.cpp */; };
		4440CBB018A8992D00C362FF /* Entity.cpp in Sources */ = {isa = PBXBuildFile; fileRef = 4440CBAE18A8992D00C362FF /* Entity.cpp */; };
		4440CBB818A8993E00C362FF /* EntityCollision.cpp in Sources */ = {isa = PBXBuildFile; fileRef = 4440CBB218A8993E00C362FF /* EntityCollision.cpp */; };
		4440CBB918A8993E00C362FF /* Player.cpp in Sources */ = {isa = PBXBuildFile; fileRef = 4440CBB418A8993E00C362FF /* Player.cpp */; };
		4440CBBA18A8993E00C362FF /* SpeedControl.cpp in Sources */ = {isa = PBXBuildFile; fileRef = 4440CBB618A8993E00C362FF /* SpeedControl.cpp */; };
		444C8C5618A1EDF8000101F8 /* SDL2_image.framework in Frameworks */ = {isa = PBXBuildFile; fileRef = 444C8C5518A1EDF8000101F8 /* SDL2_image.framework */; };
		444C8C5C18A21169000101F8 /* Events.cpp in Sources */ = {isa = PBXBuildFile; fileRef = 444C8C5A18A21169000101F8 /* Events.cpp */; };
		4457056018A8721B00DCB73E /* HUD.cpp in Sources */ = {isa = PBXBuildFile; fileRef = 4457055F18A8721B00DCB73E /* HUD.cpp */; };
		44A3107418A59E4700427013 /* Image.cpp in Sources */ = {isa = PBXBuildFile; fileRef = 44A3107218A59E4700427013 /* Image.cpp */; };
		44A3108218A5B73C00427013 /* Clock.cpp in Sources */ = {isa = PBXBuildFile; fileRef = 44A3107F18A5B73C00427013 /* Clock.cpp */; };
		44A3108718A5BDEE00427013 /* Timer.cpp in Sources */ = {isa = PBXBuildFile; fileRef = 44A3108518A5BDEE00427013 /* Timer.cpp */; };
		44A3108918A5BE3D00427013 /* SDL2_ttf.framework in Frameworks */ = {isa = PBXBuildFile; fileRef = 44A3108818A5BE3D00427013 /* SDL2_ttf.framework */; };
		44B8E3E518A70FAA00587902 /* Music.cpp in Sources */ = {isa = PBXBuildFile; fileRef = 44B8E3E318A70FAA00587902 /* Music.cpp */; };
		44D2A63D18A6F5AA0043F695 /* Healthbar.cpp in Sources */ = {isa = PBXBuildFile; fileRef = 44D2A63B18A6F5AA0043F695 /* Healthbar.cpp */; };
		44DA951A18A984980062F44D /* SFX.cpp in Sources */ = {isa = PBXBuildFile; fileRef = 44DA951818A984980062F44D /* SFX.cpp */; };
		44EDA67818A088160095AB29 /* Credits.rtf in Resources */ = {isa = PBXBuildFile; fileRef = 4423CE8918A077D600FE3118 /* Credits.rtf */; };
		44EDA67918A088190095AB29 /* InfoPlist.strings in Resources */ = {isa = PBXBuildFile; fileRef = 4423CE8318A077D600FE3118 /* InfoPlist.strings */; };
		44F45FDB18A7EFC80052DDA9 /* Animation.cpp in Sources */ = {isa = PBXBuildFile; fileRef = 44F45FD918A7EFC80052DDA9 /* Animation.cpp */; };
		44F45FDD18A7F0680052DDA9 /* assets in Resources */ = {isa = PBXBuildFile; fileRef = 44F45FDC18A7F0680052DDA9 /* assets */; };
		44F45FDF18A7F4A40052DDA9 /* SDL2_mixer.framework in Frameworks */ = {isa = PBXBuildFile; fileRef = 44F45FDE18A7F4A40052DDA9 /* SDL2_mixer.framework */; };
/* End PBXBuildFile section */

/* Begin PBXFileReference section */
		4423CE7718A077D600FE3118 /* MOE.app */ = {isa = PBXFileReference; explicitFileType = wrapper.application; includeInIndex = 0; path = MOE.app; sourceTree = BUILT_PRODUCTS_DIR; };
		4423CE8218A077D600FE3118 /* MOE-Info.plist */ = {isa = PBXFileReference; lastKnownFileType = text.plist.xml; path = "MOE-Info.plist"; sourceTree = "<group>"; };
		4423CE8418A077D600FE3118 /* en */ = {isa = PBXFileReference; lastKnownFileType = text.plist.strings; name = en; path = en.lproj/InfoPlist.strings; sourceTree = "<group>"; };
		4423CE8818A077D600FE3118 /* MOE-Prefix.pch */ = {isa = PBXFileReference; lastKnownFileType = sourcecode.c.h; path = "MOE-Prefix.pch"; sourceTree = "<group>"; };
		4423CE8A18A077D600FE3118 /* en */ = {isa = PBXFileReference; lastKnownFileType = text.rtf; name = en; path = en.lproj/Credits.rtf; sourceTree = "<group>"; };
		4423CEBB18A0781600FE3118 /* SDL2.framework */ = {isa = PBXFileReference; lastKnownFileType = wrapper.framework; name = SDL2.framework; path = /Library/Frameworks/SDL2.framework; sourceTree = "<absolute>"; };
		4423CEDF18A0813600FE3118 /* FGame.cpp */ = {isa = PBXFileReference; fileEncoding = 4; lastKnownFileType = sourcecode.cpp.cpp; path = FGame.cpp; sourceTree = "<group>"; };
		4423CEE018A0813600FE3118 /* FGame.h */ = {isa = PBXFileReference; fileEncoding = 4; lastKnownFileType = sourcecode.c.h; path = FGame.h; sourceTree = "<group>"; };
		4423CEE118A0813600FE3118 /* OnCleanup.cpp */ = {isa = PBXFileReference; fileEncoding = 4; lastKnownFileType = sourcecode.cpp.cpp; path = OnCleanup.cpp; sourceTree = "<group>"; };
		4423CEE218A0813600FE3118 /* OnEvent.cpp */ = {isa = PBXFileReference; fileEncoding = 4; lastKnownFileType = sourcecode.cpp.cpp; path = OnEvent.cpp; sourceTree = "<group>"; };
		4423CEE318A0813600FE3118 /* OnInit.cpp */ = {isa = PBXFileReference; fileEncoding = 4; lastKnownFileType = sourcecode.cpp.cpp; path = OnInit.cpp; sourceTree = "<group>"; };
		4423CEE418A0813600FE3118 /* OnLoop.cpp */ = {isa = PBXFileReference; fileEncoding = 4; lastKnownFileType = sourcecode.cpp.cpp; path = OnLoop.cpp; sourceTree = "<group>"; };
		4423CEE518A0813600FE3118 /* OnRender.cpp */ = {isa = PBXFileReference; fileEncoding = 4; lastKnownFileType = sourcecode.cpp.cpp; path = OnRender.cpp; sourceTree = "<group>"; };
		4440CBAC18A8992D00C362FF /* Attack.cpp */ = {isa = PBXFileReference; fileEncoding = 4; lastKnownFileType = sourcecode.cpp.cpp; path = Attack.cpp; sourceTree = "<group>"; };
		4440CBAD18A8992D00C362FF /* Attack.h */ = {isa = PBXFileReference; fileEncoding = 4; lastKnownFileType = sourcecode.c.h; path = Attack.h; sourceTree = "<group>"; };
		4440CBAE18A8992D00C362FF /* Entity.cpp */ = {isa = PBXFileReference; fileEncoding = 4; lastKnownFileType = sourcecode.cpp.cpp; path = Entity.cpp; sourceTree = "<group>"; };
		4440CBB118A8993E00C362FF /* Entity.h */ = {isa = PBXFileReference; fileEncoding = 4; lastKnownFileType = sourcecode.c.h; path = Entity.h; sourceTree = "<group>"; };
		4440CBB218A8993E00C362FF /* EntityCollision.cpp */ = {isa = PBXFileReference; fileEncoding = 4; lastKnownFileType = sourcecode.cpp.cpp; path = EntityCollision.cpp; sourceTree = "<group>"; };
		4440CBB318A8993E00C362FF /* EntityCollision.h */ = {isa = PBXFileReference; fileEncoding = 4; lastKnownFileType = sourcecode.c.h; path = EntityCollision.h; sourceTree = "<group>"; };
		4440CBB418A8993E00C362FF /* Player.cpp */ = {isa = PBXFileReference; fileEncoding = 4; lastKnownFileType = sourcecode.cpp.cpp; path = Player.cpp; sourceTree = "<group>"; };
		4440CBB518A8993E00C362FF /* Player.h */ = {isa = PBXFileReference; fileEncoding = 4; lastKnownFileType = sourcecode.c.h; path = Player.h; sourceTree = "<group>"; };
		4440CBB618A8993E00C362FF /* SpeedControl.cpp */ = {isa = PBXFileReference; fileEncoding = 4; lastKnownFileType = sourcecode.cpp.cpp; path = SpeedControl.cpp; sourceTree = "<group>"; };
		4440CBB718A8993E00C362FF /* SpeedControl.h */ = {isa = PBXFileReference; fileEncoding = 4; lastKnownFileType = sourcecode.c.h; path = SpeedControl.h; sourceTree = "<group>"; };
		444C8C5518A1EDF8000101F8 /* SDL2_image.framework */ = {isa = PBXFileReference; lastKnownFileType = wrapper.framework; name = SDL2_image.framework; path = ../../../../../../Library/Frameworks/SDL2_image.framework; sourceTree = "<group>"; };
		444C8C5A18A21169000101F8 /* Events.cpp */ = {isa = PBXFileReference; fileEncoding = 4; lastKnownFileType = sourcecode.cpp.cpp; path = Events.cpp; sourceTree = "<group>"; };
		444C8C5B18A21169000101F8 /* Events.h */ = {isa = PBXFileReference; fileEncoding = 4; lastKnownFileType = sourcecode.c.h; path = Events.h; sourceTree = "<group>"; };
		4457055F18A8721B00DCB73E /* HUD.cpp */ = {isa = PBXFileReference; fileEncoding = 4; lastKnownFileType = sourcecode.cpp.cpp; path = HUD.cpp; sourceTree = "<group>"; };
		44A3107218A59E4700427013 /* Image.cpp */ = {isa = PBXFileReference; fileEncoding = 4; lastKnownFileType = sourcecode.cpp.cpp; path = Image.cpp; sourceTree = "<group>"; };
		44A3107318A59E4700427013 /* Image.h */ = {isa = PBXFileReference; fileEncoding = 4; lastKnownFileType = sourcecode.c.h; path = Image.h; sourceTree = "<group>"; };
		44A3107F18A5B73C00427013 /* Clock.cpp */ = {isa = PBXFileReference; fileEncoding = 4; lastKnownFileType = sourcecode.cpp.cpp; path = Clock.cpp; sourceTree = "<group>"; };
		44A3108018A5B73C00427013 /* Clock.h */ = {isa = PBXFileReference; fileEncoding = 4; lastKnownFileType = sourcecode.c.h; path = Clock.h; sourceTree = "<group>"; };
		44A3108118A5B73C00427013 /* Constants.h */ = {isa = PBXFileReference; fileEncoding = 4; lastKnownFileType = sourcecode.c.h; path = Constants.h; sourceTree = "<group>"; };
		44A3108318A5BDEE00427013 /* HUD.h */ = {isa = PBXFileReference; fileEncoding = 4; lastKnownFileType = sourcecode.c.h; path = HUD.h; sourceTree = "<group>"; };
		44A3108418A5BDEE00427013 /* HUDelement.h */ = {isa = PBXFileReference; fileEncoding = 4; lastKnownFileType = sourcecode.c.h; path = HUDelement.h; sourceTree = "<group>"; };
		44A3108518A5BDEE00427013 /* Timer.cpp */ = {isa = PBXFileReference; fileEncoding = 4; lastKnownFileType = sourcecode.cpp.cpp; path = Timer.cpp; sourceTree = "<group>"; };
		44A3108618A5BDEE00427013 /* Timer.h */ = {isa = PBXFileReference; fileEncoding = 4; lastKnownFileType = sourcecode.c.h; path = Timer.h; sourceTree = "<group>"; };
		44A3108818A5BE3D00427013 /* SDL2_ttf.framework */ = {isa = PBXFileReference; lastKnownFileType = wrapper.framework; name = SDL2_ttf.framework; path = ../../../../../../Library/Frameworks/SDL2_ttf.framework; sourceTree = "<group>"; };
		44B8E3E318A70FAA00587902 /* Music.cpp */ = {isa = PBXFileReference; fileEncoding = 4; lastKnownFileType = sourcecode.cpp.cpp; path = Music.cpp; sourceTree = "<group>"; };
		44B8E3E418A70FAA00587902 /* Music.h */ = {isa = PBXFileReference; fileEncoding = 4; lastKnownFileType = sourcecode.c.h; path = Music.h; sourceTree = "<group>"; };
		44D2A63B18A6F5AA0043F695 /* Healthbar.cpp */ = {isa = PBXFileReference; fileEncoding = 4; lastKnownFileType = sourcecode.cpp.cpp; path = Healthbar.cpp; sourceTree = "<group>"; };
		44D2A63C18A6F5AA0043F695 /* Healthbar.h */ = {isa = PBXFileReference; fileEncoding = 4; lastKnownFileType = sourcecode.c.h; path = Healthbar.h; sourceTree = "<group>"; };
		44DA951818A984980062F44D /* SFX.cpp */ = {isa = PBXFileReference; fileEncoding = 4; lastKnownFileType = sourcecode.cpp.cpp; path = SFX.cpp; sourceTree = "<group>"; };
		44DA951918A984980062F44D /* SFX.h */ = {isa = PBXFileReference; fileEncoding = 4; lastKnownFileType = sourcecode.c.h; path = SFX.h; sourceTree = "<group>"; };
		44F45FD918A7EFC80052DDA9 /* Animation.cpp */ = {isa = PBXFileReference; fileEncoding = 4; lastKnownFileType = sourcecode.cpp.cpp; path = Animation.cpp; sourceTree = "<group>"; };
		44F45FDA18A7EFC80052DDA9 /* Animation.h */ = {isa = PBXFileReference; fileEncoding = 4; lastKnownFileType = sourcecode.c.h; path = Animation.h; sourceTree = "<group>"; };
		44F45FDC18A7F0680052DDA9 /* assets */ = {isa = PBXFileReference; lastKnownFileType = folder; path = assets; sourceTree = "<group>"; };
		44F45FDE18A7F4A40052DDA9 /* SDL2_mixer.framework */ = {isa = PBXFileReference; lastKnownFileType = wrapper.framework; name = SDL2_mixer.framework; path = ../../../../../../Library/Frameworks/SDL2_mixer.framework; sourceTree = "<group>"; };
/* End PBXFileReference section */

/* Begin PBXFrameworksBuildPhase section */
		4423CE7418A077D600FE3118 /* Frameworks */ = {
			isa = PBXFrameworksBuildPhase;
			buildActionMask = 2147483647;
			files = (
				44F45FDF18A7F4A40052DDA9 /* SDL2_mixer.framework in Frameworks */,
				44A3108918A5BE3D00427013 /* SDL2_ttf.framework in Frameworks */,
				444C8C5618A1EDF8000101F8 /* SDL2_image.framework in Frameworks */,
				4423CEBC18A0781600FE3118 /* SDL2.framework in Frameworks */,
			);
			runOnlyForDeploymentPostprocessing = 0;
		};
/* End PBXFrameworksBuildPhase section */

/* Begin PBXGroup section */
		4423CE6E18A077D600FE3118 = {
			isa = PBXGroup;
			children = (
				44F45FDC18A7F0680052DDA9 /* assets */,
				4423CE8118A077D600FE3118 /* Supporting Files */,
				4423CEDE18A0813600FE3118 /* src */,
				4423CE7918A077D600FE3118 /* Frameworks */,
				4423CE7818A077D600FE3118 /* Products */,
			);
			sourceTree = "<group>";
		};
		4423CE7818A077D600FE3118 /* Products */ = {
			isa = PBXGroup;
			children = (
				4423CE7718A077D600FE3118 /* MOE.app */,
			);
			name = Products;
			sourceTree = "<group>";
		};
		4423CE7918A077D600FE3118 /* Frameworks */ = {
			isa = PBXGroup;
			children = (
				44F45FDE18A7F4A40052DDA9 /* SDL2_mixer.framework */,
				44A3108818A5BE3D00427013 /* SDL2_ttf.framework */,
				444C8C5518A1EDF8000101F8 /* SDL2_image.framework */,
				4423CEBB18A0781600FE3118 /* SDL2.framework */,
			);
			name = Frameworks;
			sourceTree = "<group>";
		};
		4423CE8118A077D600FE3118 /* Supporting Files */ = {
			isa = PBXGroup;
			children = (
				4423CE8218A077D600FE3118 /* MOE-Info.plist */,
				4423CE8318A077D600FE3118 /* InfoPlist.strings */,
				4423CE8818A077D600FE3118 /* MOE-Prefix.pch */,
				4423CE8918A077D600FE3118 /* Credits.rtf */,
			);
			name = "Supporting Files";
			path = mac_files;
			sourceTree = "<group>";
		};
		4423CEDE18A0813600FE3118 /* src */ = {
			isa = PBXGroup;
			children = (
				44DA951418A983AB0062F44D /* Audio */,
				443B320018A9338500EDB56F /* HUD */,
				4440CBB118A8993E00C362FF /* Entity.h */,
				4440CBAE18A8992D00C362FF /* Entity.cpp */,
				4440CBB218A8993E00C362FF /* EntityCollision.cpp */,
				4440CBB318A8993E00C362FF /* EntityCollision.h */,
				4440CBB418A8993E00C362FF /* Player.cpp */,
				4440CBB518A8993E00C362FF /* Player.h */,
				4440CBB618A8993E00C362FF /* SpeedControl.cpp */,
				4440CBB718A8993E00C362FF /* SpeedControl.h */,
				4440CBAC18A8992D00C362FF /* Attack.cpp */,
				4440CBAD18A8992D00C362FF /* Attack.h */,
				44F45FD918A7EFC80052DDA9 /* Animation.cpp */,
				44F45FDA18A7EFC80052DDA9 /* Animation.h */,
				44A3107F18A5B73C00427013 /* Clock.cpp */,
				44A3108018A5B73C00427013 /* Clock.h */,
				44A3108118A5B73C00427013 /* Constants.h */,
				444C8C5A18A21169000101F8 /* Events.cpp */,
				444C8C5B18A21169000101F8 /* Events.h */,
				4423CEDF18A0813600FE3118 /* FGame.cpp */,
				4423CEE018A0813600FE3118 /* FGame.h */,
				4423CEE118A0813600FE3118 /* OnCleanup.cpp */,
				4423CEE218A0813600FE3118 /* OnEvent.cpp */,
				4423CEE318A0813600FE3118 /* OnInit.cpp */,
				4423CEE418A0813600FE3118 /* OnLoop.cpp */,
				4423CEE518A0813600FE3118 /* OnRender.cpp */,
				44A3107218A59E4700427013 /* Image.cpp */,
				44A3107318A59E4700427013 /* Image.h */,
			);
			path = src;
			sourceTree = "<group>";
		};
		443B320018A9338500EDB56F /* HUD */ = {
			isa = PBXGroup;
			children = (
				4457055F18A8721B00DCB73E /* HUD.cpp */,
				44A3108318A5BDEE00427013 /* HUD.h */,
				44A3108418A5BDEE00427013 /* HUDelement.h */,
				44D2A63B18A6F5AA0043F695 /* Healthbar.cpp */,
				44D2A63C18A6F5AA0043F695 /* Healthbar.h */,
				44A3108518A5BDEE00427013 /* Timer.cpp */,
				44A3108618A5BDEE00427013 /* Timer.h */,
			);
			name = HUD;
			sourceTree = "<group>";
		};
		44DA951418A983AB0062F44D /* Audio */ = {
			isa = PBXGroup;
			children = (
				44B8E3E318A70FAA00587902 /* Music.cpp */,
				44B8E3E418A70FAA00587902 /* Music.h */,
				44DA951818A984980062F44D /* SFX.cpp */,
				44DA951918A984980062F44D /* SFX.h */,
			);
			name = Audio;
			sourceTree = "<group>";
		};
/* End PBXGroup section */

/* Begin PBXNativeTarget section */
		4423CE7618A077D600FE3118 /* MOE */ = {
			isa = PBXNativeTarget;
			buildConfigurationList = 4423CEA818A077D600FE3118 /* Build configuration list for PBXNativeTarget "MOE" */;
			buildPhases = (
				4423CE7318A077D600FE3118 /* Sources */,
				4423CE7418A077D600FE3118 /* Frameworks */,
				4423CE7518A077D600FE3118 /* Resources */,
			);
			buildRules = (
			);
			dependencies = (
			);
			name = MOE;
			productName = MOE;
			productReference = 4423CE7718A077D600FE3118 /* MOE.app */;
			productType = "com.apple.product-type.application";
		};
/* End PBXNativeTarget section */

/* Begin PBXProject section */
		4423CE6F18A077D600FE3118 /* Project object */ = {
			isa = PBXProject;
			attributes = {
				LastUpgradeCheck = 0500;
				ORGANIZATIONNAME = "Landon Epps";
				TargetAttributes = {
					4423CE7618A077D600FE3118 = {
						DevelopmentTeam = 6R9933TQJB;
					};
				};
			};
			buildConfigurationList = 4423CE7218A077D600FE3118 /* Build configuration list for PBXProject "MOE" */;
			compatibilityVersion = "Xcode 3.2";
			developmentRegion = English;
			hasScannedForEncodings = 0;
			knownRegions = (
				en,
				Base,
			);
			mainGroup = 4423CE6E18A077D600FE3118;
			productRefGroup = 4423CE7818A077D600FE3118 /* Products */;
			projectDirPath = "";
			projectRoot = "";
			targets = (
				4423CE7618A077D600FE3118 /* MOE */,
			);
		};
/* End PBXProject section */

/* Begin PBXResourcesBuildPhase section */
		4423CE7518A077D600FE3118 /* Resources */ = {
			isa = PBXResourcesBuildPhase;
			buildActionMask = 2147483647;
			files = (
				44F45FDD18A7F0680052DDA9 /* assets in Resources */,
				44EDA67918A088190095AB29 /* InfoPlist.strings in Resources */,
				44EDA67818A088160095AB29 /* Credits.rtf in Resources */,
			);
			runOnlyForDeploymentPostprocessing = 0;
		};
/* End PBXResourcesBuildPhase section */

/* Begin PBXSourcesBuildPhase section */
		4423CE7318A077D600FE3118 /* Sources */ = {
			isa = PBXSourcesBuildPhase;
			buildActionMask = 2147483647;
			files = (
				4423CEEB18A0813600FE3118 /* OnRender.cpp in Sources */,
				4423CEE918A0813600FE3118 /* OnInit.cpp in Sources */,
				4440CBB918A8993E00C362FF /* Player.cpp in Sources */,
				444C8C5C18A21169000101F8 /* Events.cpp in Sources */,
				4440CBB818A8993E00C362FF /* EntityCollision.cpp in Sources */,
				44DA951A18A984980062F44D /* SFX.cpp in Sources */,
				4457056018A8721B00DCB73E /* HUD.cpp in Sources */,
				44A3108718A5BDEE00427013 /* Timer.cpp in Sources */,
				4423CEE818A0813600FE3118 /* OnEvent.cpp in Sources */,
				4423CEE618A0813600FE3118 /* FGame.cpp in Sources */,
				44D2A63D18A6F5AA0043F695 /* Healthbar.cpp in Sources */,
				4440CBB018A8992D00C362FF /* Entity.cpp in Sources */,
				44A3107418A59E4700427013 /* Image.cpp in Sources */,
				44B8E3E518A70FAA00587902 /* Music.cpp in Sources */,
				44F45FDB18A7EFC80052DDA9 /* Animation.cpp in Sources */,
				4440CBAF18A8992D00C362FF /* Attack.cpp in Sources */,
				4423CEEA18A0813600FE3118 /* OnLoop.cpp in Sources */,
				44A3108218A5B73C00427013 /* Clock.cpp in Sources */,
				4423CEE718A0813600FE3118 /* OnCleanup.cpp in Sources */,
				4440CBBA18A8993E00C362FF /* SpeedControl.cpp in Sources */,
			);
			runOnlyForDeploymentPostprocessing = 0;
		};
/* End PBXSourcesBuildPhase section */

/* Begin PBXVariantGroup section */
		4423CE8318A077D600FE3118 /* InfoPlist.strings */ = {
			isa = PBXVariantGroup;
			children = (
				4423CE8418A077D600FE3118 /* en */,
			);
			name = InfoPlist.strings;
			sourceTree = "<group>";
		};
		4423CE8918A077D600FE3118 /* Credits.rtf */ = {
			isa = PBXVariantGroup;
			children = (
				4423CE8A18A077D600FE3118 /* en */,
			);
			name = Credits.rtf;
			sourceTree = "<group>";
		};
/* End PBXVariantGroup section */

/* Begin XCBuildConfiguration section */
		4423CEA618A077D600FE3118 /* Debug */ = {
			isa = XCBuildConfiguration;
			buildSettings = {
				ALWAYS_SEARCH_USER_PATHS = NO;
				CLANG_CXX_LANGUAGE_STANDARD = "gnu++0x";
				CLANG_CXX_LIBRARY = "libc++";
				CLANG_ENABLE_OBJC_ARC = YES;
				CLANG_WARN_BOOL_CONVERSION = YES;
				CLANG_WARN_CONSTANT_CONVERSION = YES;
				CLANG_WARN_DIRECT_OBJC_ISA_USAGE = YES_ERROR;
				CLANG_WARN_EMPTY_BODY = YES;
				CLANG_WARN_ENUM_CONVERSION = YES;
				CLANG_WARN_INT_CONVERSION = YES;
				CLANG_WARN_OBJC_ROOT_CLASS = YES_ERROR;
				CLANG_WARN__DUPLICATE_METHOD_MATCH = YES;
				COPY_PHASE_STRIP = NO;
				GCC_C_LANGUAGE_STANDARD = gnu99;
				GCC_DYNAMIC_NO_PIC = NO;
				GCC_ENABLE_OBJC_EXCEPTIONS = YES;
				GCC_OPTIMIZATION_LEVEL = 0;
				GCC_PREPROCESSOR_DEFINITIONS = (
					"DEBUG=1",
					"$(inherited)",
				);
				GCC_SYMBOLS_PRIVATE_EXTERN = NO;
				GCC_WARN_64_TO_32_BIT_CONVERSION = YES;
				GCC_WARN_ABOUT_RETURN_TYPE = YES_ERROR;
				GCC_WARN_UNDECLARED_SELECTOR = YES;
				GCC_WARN_UNINITIALIZED_AUTOS = YES;
				GCC_WARN_UNUSED_FUNCTION = YES;
				GCC_WARN_UNUSED_VARIABLE = YES;
				MACOSX_DEPLOYMENT_TARGET = 10.9;
				ONLY_ACTIVE_ARCH = YES;
				SDKROOT = macosx;
			};
			name = Debug;
		};
		4423CEA718A077D600FE3118 /* Release */ = {
			isa = XCBuildConfiguration;
			buildSettings = {
				ALWAYS_SEARCH_USER_PATHS = NO;
				CLANG_CXX_LANGUAGE_STANDARD = "gnu++0x";
				CLANG_CXX_LIBRARY = "libc++";
				CLANG_ENABLE_OBJC_ARC = YES;
				CLANG_WARN_BOOL_CONVERSION = YES;
				CLANG_WARN_CONSTANT_CONVERSION = YES;
				CLANG_WARN_DIRECT_OBJC_ISA_USAGE = YES_ERROR;
				CLANG_WARN_EMPTY_BODY = YES;
				CLANG_WARN_ENUM_CONVERSION = YES;
				CLANG_WARN_INT_CONVERSION = YES;
				CLANG_WARN_OBJC_ROOT_CLASS = YES_ERROR;
				CLANG_WARN__DUPLICATE_METHOD_MATCH = YES;
				COPY_PHASE_STRIP = YES;
				DEBUG_INFORMATION_FORMAT = "dwarf-with-dsym";
				ENABLE_NS_ASSERTIONS = NO;
				GCC_C_LANGUAGE_STANDARD = gnu99;
				GCC_ENABLE_OBJC_EXCEPTIONS = YES;
				GCC_WARN_64_TO_32_BIT_CONVERSION = YES;
				GCC_WARN_ABOUT_RETURN_TYPE = YES_ERROR;
				GCC_WARN_UNDECLARED_SELECTOR = YES;
				GCC_WARN_UNINITIALIZED_AUTOS = YES;
				GCC_WARN_UNUSED_FUNCTION = YES;
				GCC_WARN_UNUSED_VARIABLE = YES;
				MACOSX_DEPLOYMENT_TARGET = 10.9;
				SDKROOT = macosx;
			};
			name = Release;
		};
		4423CEA918A077D600FE3118 /* Debug */ = {
			isa = XCBuildConfiguration;
			buildSettings = {
				ASSETCATALOG_COMPILER_APPICON_NAME = AppIcon;
				COMBINE_HIDPI_IMAGES = YES;
				FRAMEWORK_SEARCH_PATHS = (
					"$(inherited)",
					"$(LOCAL_LIBRARY_DIR)/Frameworks",
				);
				GCC_PRECOMPILE_PREFIX_HEADER = YES;
				GCC_PREFIX_HEADER = "mac_files/MOE-Prefix.pch";
				INFOPLIST_FILE = "mac_files/MOE-Info.plist";
				PRODUCT_NAME = "$(TARGET_NAME)";
				WRAPPER_EXTENSION = app;
			};
			name = Debug;
		};
		4423CEAA18A077D600FE3118 /* Release */ = {
			isa = XCBuildConfiguration;
			buildSettings = {
				ASSETCATALOG_COMPILER_APPICON_NAME = AppIcon;
				COMBINE_HIDPI_IMAGES = YES;
				FRAMEWORK_SEARCH_PATHS = (
					"$(inherited)",
					"$(LOCAL_LIBRARY_DIR)/Frameworks",
				);
				GCC_PRECOMPILE_PREFIX_HEADER = YES;
				GCC_PREFIX_HEADER = "mac_files/MOE-Prefix.pch";
				INFOPLIST_FILE = "mac_files/MOE-Info.plist";
				PRODUCT_NAME = "$(TARGET_NAME)";
				WRAPPER_EXTENSION = app;
			};
			name = Release;
		};
/* End XCBuildConfiguration section */

/* Begin XCConfigurationList section */
		4423CE7218A077D600FE3118 /* Build configuration list for PBXProject "MOE" */ = {
			isa = XCConfigurationList;
			buildConfigurations = (
				4423CEA618A077D600FE3118 /* Debug */,
				4423CEA718A077D600FE3118 /* Release */,
			);
			defaultConfigurationIsVisible = 0;
			defaultConfigurationName = Release;
		};
		4423CEA818A077D600FE3118 /* Build configuration list for PBXNativeTarget "MOE" */ = {
			isa = XCConfigurationList;
			buildConfigurations = (
				4423CEA918A077D600FE3118 /* Debug */,
				4423CEAA18A077D600FE3118 /* Release */,
			);
			defaultConfigurationIsVisible = 0;
			defaultConfigurationName = Release;
		};
/* End XCConfigurationList section */
	};
	rootObject = 4423CE6F18A077D600FE3118 /* Project object */;
}
